
Microsoft Visual Studio Solution File, Format Version 12.00
# Visual Studio Version 16
VisualStudioVersion = 16.0.30011.22
MinimumVisualStudioVersion = 10.0.40219.1
Project("{FAE04EC0-301F-11D3-BF4B-00C04F79EFBC}") = "UdemyUnitTest.APP", "UdemyUnitTest.APP\UdemyUnitTest.APP.csproj", "{30D7E1EE-AA2C-4788-BFD8-6F9F6AA545FC}"
EndProject
Project("{FAE04EC0-301F-11D3-BF4B-00C04F79EFBC}") = "UdemyUnitTest.Test", "UdemyUnitTest.Test\UdemyUnitTest.Test.csproj", "{F14002C1-19A6-49F0-9CC6-E4ACB017F9D6}"
EndProject
Global
	GlobalSection(SolutionConfigurationPlatforms) = preSolution
		Debug|Any CPU = Debug|Any CPU
		Release|Any CPU = Release|Any CPU
	EndGlobalSection
	GlobalSection(ProjectConfigurationPlatforms) = postSolution
		{30D7E1EE-AA2C-4788-BFD8-6F9F6AA545FC}.Debug|Any CPU.ActiveCfg = Debug|Any CPU
		{30D7E1EE-AA2C-4788-BFD8-6F9F6AA545FC}.Debug|Any CPU.Build.0 = Debug|Any CPU
		{30D7E1EE-AA2C-4788-BFD8-6F9F6AA545FC}.Release|Any CPU.ActiveCfg = Release|Any CPU
		{30D7E1EE-AA2C-4788-BFD8-6F9F6AA545FC}.Release|Any CPU.Build.0 = Release|Any CPU
		{F14002C1-19A6-49F0-9CC6-E4ACB017F9D6}.Debug|Any CPU.ActiveCfg = Debug|Any CPU
		{F14002C1-19A6-49F0-9CC6-E4ACB017F9D6}.Debug|Any CPU.Build.0 = Debug|Any CPU
		{F14002C1-19A6-49F0-9CC6-E4ACB017F9D6}.Release|Any CPU.ActiveCfg = Release|Any CPU
		{F14002C1-19A6-49F0-9CC6-E4ACB017F9D6}.Release|Any CPU.Build.0 = Release|Any CPU
	EndGlobalSection
	GlobalSection(SolutionProperties) = preSolution
		HideSolutionNode = FALSE
	EndGlobalSection
	GlobalSection(ExtensibilityGlobals) = postSolution
		SolutionGuid = {13032996-957A-4463-80C4-6B05CEB815E3}
	EndGlobalSection
EndGlobal
